{
  "pins" : [
    {
      "identity" : "lnpopupcontroller",
      "kind" : "remoteSourceControl",
      "location" : "https://github.com/zbrateam/LNPopupController.git",
      "state" : {
        "branch" : "main",
        "revision" : "6264d7c5fe562703d3425e83a0dff2d2b481d9b4"
      }
    },
    {
      "identity" : "sdwebimage",
      "kind" : "remoteSourceControl",
      "location" : "https://github.com/SDWebImage/SDWebImage",
      "state" : {
        "revision" : "e7d3256c497af9330a0df866ee38f544ddd87c49",
        "version" : "5.20.1"
      }
    },
    {
      "identity" : "sentry-cocoa",
      "kind" : "remoteSourceControl",
      "location" : "https://github.com/getsentry/sentry-cocoa.git",
      "state" : {
        "revision" : "cf43eac1aa12017868c257ad3854ad87a5de0758",
        "version" : "7.31.5"
      }
    }
  ],
  "version" : 2
}
